
Microsoft Visual Studio Solution File, Format Version 12.00
# Visual Studio Version 17
VisualStudioVersion = 17.9.34728.123
MinimumVisualStudioVersion = 10.0.40219.1
Project("{FAE04EC0-301F-11D3-BF4B-00C04F79EFBC}") = "FormulaOne.ChatService", "FormulaOne.ChatService\FormulaOne.ChatService.csproj", "{9BB1B83E-EB10-4191-A3FF-64A17DC855F7}"
EndProject
Project("{54A90642-561A-4BB1-A94E-469ADEE60C69}") = "formulaone.chatapp", "FormulaOne.ChatApp\formulaone.chatapp.esproj", "{AA184915-8FBE-499B-835F-2D7B36EA8259}"
EndProject
Global
	GlobalSection(SolutionConfigurationPlatforms) = preSolution
		Debug|Any CPU = Debug|Any CPU
		Release|Any CPU = Release|Any CPU
	EndGlobalSection
	GlobalSection(ProjectConfigurationPlatforms) = postSolution
		{9BB1B83E-EB10-4191-A3FF-64A17DC855F7}.Debug|Any CPU.ActiveCfg = Debug|Any CPU
		{9BB1B83E-EB10-4191-A3FF-64A17DC855F7}.Debug|Any CPU.Build.0 = Debug|Any CPU
		{9BB1B83E-EB10-4191-A3FF-64A17DC855F7}.Release|Any CPU.ActiveCfg = Release|Any CPU
		{9BB1B83E-EB10-4191-A3FF-64A17DC855F7}.Release|Any CPU.Build.0 = Release|Any CPU
		{AA184915-8FBE-499B-835F-2D7B36EA8259}.Debug|Any CPU.ActiveCfg = Debug|Any CPU
		{AA184915-8FBE-499B-835F-2D7B36EA8259}.Debug|Any CPU.Build.0 = Debug|Any CPU
		{AA184915-8FBE-499B-835F-2D7B36EA8259}.Debug|Any CPU.Deploy.0 = Debug|Any CPU
		{AA184915-8FBE-499B-835F-2D7B36EA8259}.Release|Any CPU.ActiveCfg = Release|Any CPU
		{AA184915-8FBE-499B-835F-2D7B36EA8259}.Release|Any CPU.Build.0 = Release|Any CPU
		{AA184915-8FBE-499B-835F-2D7B36EA8259}.Release|Any CPU.Deploy.0 = Release|Any CPU
	EndGlobalSection
	GlobalSection(SolutionProperties) = preSolution
		HideSolutionNode = FALSE
	EndGlobalSection
	GlobalSection(ExtensibilityGlobals) = postSolution
		SolutionGuid = {362DD25E-D87B-4979-8E00-81AFC429AD1C}
	EndGlobalSection
EndGlobal
